
Microsoft Visual Studio Solution File, Format Version 12.00
# Visual Studio Version 17
VisualStudioVersion = 17.4.33110.190
MinimumVisualStudioVersion = 10.0.40219.1
Project("{FAE04EC0-301F-11D3-BF4B-00C04F79EFBC}") = "Library Kiosk", "Library Kiosk\Library Kiosk.csproj", "{5190058E-B312-4FF5-BF37-B40C4C3487D5}"
EndProject
Global
	GlobalSection(SolutionConfigurationPlatforms) = preSolution
		Debug|Any CPU = Debug|Any CPU
		Release|Any CPU = Release|Any CPU
	EndGlobalSection
	GlobalSection(ProjectConfigurationPlatforms) = postSolution
		{5190058E-B312-4FF5-BF37-B40C4C3487D5}.Debug|Any CPU.ActiveCfg = Debug|Any CPU
		{5190058E-B312-4FF5-BF37-B40C4C3487D5}.Debug|Any CPU.Build.0 = Debug|Any CPU
		{5190058E-B312-4FF5-BF37-B40C4C3487D5}.Release|Any CPU.ActiveCfg = Release|Any CPU
		{5190058E-B312-4FF5-BF37-B40C4C3487D5}.Release|Any CPU.Build.0 = Release|Any CPU
	EndGlobalSection
	GlobalSection(SolutionProperties) = preSolution
		HideSolutionNode = FALSE
	EndGlobalSection
	GlobalSection(ExtensibilityGlobals) = postSolution
		SolutionGuid = {A554ADC0-16EB-49B7-B10E-374FD8DD7726}
	EndGlobalSection
EndGlobal
